
Microsoft Visual Studio Solution File, Format Version 12.00
# Visual Studio Version 17
VisualStudioVersion = 17.3.32819.101
MinimumVisualStudioVersion = 10.0.40219.1
Project("{FAE04EC0-301F-11D3-BF4B-00C04F79EFBC}") = "learn-c-sharp", "learn-c-sharp\learn-c-sharp.csproj", "{F98C56FC-5B40-4FF9-B1C1-130A9195670E}"
EndProject
Global
	GlobalSection(SolutionConfigurationPlatforms) = preSolution
		Debug|Any CPU = Debug|Any CPU
		Release|Any CPU = Release|Any CPU
	EndGlobalSection
	GlobalSection(ProjectConfigurationPlatforms) = postSolution
		{F98C56FC-5B40-4FF9-B1C1-130A9195670E}.Debug|Any CPU.ActiveCfg = Debug|Any CPU
		{F98C56FC-5B40-4FF9-B1C1-130A9195670E}.Debug|Any CPU.Build.0 = Debug|Any CPU
		{F98C56FC-5B40-4FF9-B1C1-130A9195670E}.Release|Any CPU.ActiveCfg = Release|Any CPU
		{F98C56FC-5B40-4FF9-B1C1-130A9195670E}.Release|Any CPU.Build.0 = Release|Any CPU
	EndGlobalSection
	GlobalSection(SolutionProperties) = preSolution
		HideSolutionNode = FALSE
	EndGlobalSection
	GlobalSection(ExtensibilityGlobals) = postSolution
		SolutionGuid = {7A40397A-FE2B-4E55-A999-B324B100B6F8}
	EndGlobalSection
EndGlobal
